// !$*UTF8*$!
{
	archiveVersion = 1;
	classes = {
	};
	objectVersion = 46;
	objects = {

/* Begin PBXBuildFile section */
		FE1E00BC1944C560008E0941 /* Add.cpp in Sources */ = {isa = PBXBuildFile; fileRef = FE1E00BA1944C560008E0941 /* Add.cpp */; };
		FEB19D451944BACD0078B7BC /* main.cpp in Sources */ = {isa = PBXBuildFile; fileRef = FEB19D441944BACD0078B7BC /* main.cpp */; };
		FEB19D471944BACD0078B7BC /* Calculator.1 in CopyFiles */ = {isa = PBXBuildFile; fileRef = FEB19D461944BACD0078B7BC /* Calculator.1 */; };
		FEB19D4F1944BAF60078B7BC /* Operation.cpp in Sources */ = {isa = PBXBuildFile; fileRef = FEB19D4D1944BAF60078B7BC /* Operation.cpp */; };
/* End PBXBuildFile section */

/* Begin PBXCopyFilesBuildPhase section */
		FEB19D3F1944BACD0078B7BC /* CopyFiles */ = {
			isa = PBXCopyFilesBuildPhase;
			buildActionMask = 2147483647;
			dstPath = /usr/share/man/man1/;
			dstSubfolderSpec = 0;
			files = (
				FEB19D471944BACD0078B7BC /* Calculator.1 in CopyFiles */,
			);
			runOnlyForDeploymentPostprocessing = 1;
		};
/* End PBXCopyFilesBuildPhase section */

/* Begin PBXFileReference section */
		FE1E00BA1944C560008E0941 /* Add.cpp */ = {isa = PBXFileReference; fileEncoding = 4; lastKnownFileType = sourcecode.cpp.cpp; path = Add.cpp; sourceTree = "<group>"; };
		FE1E00BB1944C560008E0941 /* Add.h */ = {isa = PBXFileReference; fileEncoding = 4; lastKnownFileType = sourcecode.c.h; path = Add.h; sourceTree = "<group>"; };
		FEB19D411944BACD0078B7BC /* Calculator */ = {isa = PBXFileReference; explicitFileType = "compiled.mach-o.executable"; includeInIndex = 0; path = Calculator; sourceTree = BUILT_PRODUCTS_DIR; };
		FEB19D441944BACD0078B7BC /* main.cpp */ = {isa = PBXFileReference; lastKnownFileType = sourcecode.cpp.cpp; path = main.cpp; sourceTree = "<group>"; };
		FEB19D461944BACD0078B7BC /* Calculator.1 */ = {isa = PBXFileReference; lastKnownFileType = text.man; path = Calculator.1; sourceTree = "<group>"; };
		FEB19D4D1944BAF60078B7BC /* Operation.cpp */ = {isa = PBXFileReference; fileEncoding = 4; lastKnownFileType = sourcecode.cpp.cpp; path = Operation.cpp; sourceTree = "<group>"; };
		FEB19D4E1944BAF60078B7BC /* Operation.h */ = {isa = PBXFileReference; fileEncoding = 4; lastKnownFileType = sourcecode.c.h; path = Operation.h; sourceTree = "<group>"; };
/* End PBXFileReference section */

/* Begin PBXFrameworksBuildPhase section */
		FEB19D3E1944BACD0078B7BC /* Frameworks */ = {
			isa = PBXFrameworksBuildPhase;
			buildActionMask = 2147483647;
			files = (
			);
			runOnlyForDeploymentPostprocessing = 0;
		};
/* End PBXFrameworksBuildPhase section */

/* Begin PBXGroup section */
		FEB19D381944BACD0078B7BC = {
			isa = PBXGroup;
			children = (
				FEB19D431944BACD0078B7BC /* Calculator */,
				FEB19D421944BACD0078B7BC /* Products */,
			);
			sourceTree = "<group>";
		};
		FEB19D421944BACD0078B7BC /* Products */ = {
			isa = PBXGroup;
			children = (
				FEB19D411944BACD0078B7BC /* Calculator */,
			);
			name = Products;
			sourceTree = "<group>";
		};
		FEB19D431944BACD0078B7BC /* Calculator */ = {
			isa = PBXGroup;
			children = (
				FEB19D441944BACD0078B7BC /* main.cpp */,
				FEB19D461944BACD0078B7BC /* Calculator.1 */,
				FEB19D4D1944BAF60078B7BC /* Operation.cpp */,
				FEB19D4E1944BAF60078B7BC /* Operation.h */,
				FE1E00BA1944C560008E0941 /* Add.cpp */,
				FE1E00BB1944C560008E0941 /* Add.h */,
			);
			path = Calculator;
			sourceTree = "<group>";
		};
/* End PBXGroup section */

/* Begin PBXNativeTarget section */
		FEB19D401944BACD0078B7BC /* Calculator */ = {
			isa = PBXNativeTarget;
			buildConfigurationList = FEB19D4A1944BACD0078B7BC /* Build configuration list for PBXNativeTarget "Calculator" */;
			buildPhases = (
				FEB19D3D1944BACD0078B7BC /* Sources */,
				FEB19D3E1944BACD0078B7BC /* Frameworks */,
				FEB19D3F1944BACD0078B7BC /* CopyFiles */,
			);
			buildRules = (
			);
			dependencies = (
			);
			name = Calculator;
			productName = Calculator;
			productReference = FEB19D411944BACD0078B7BC /* Calculator */;
			productType = "com.apple.product-type.tool";
		};
/* End PBXNativeTarget section */

/* Begin PBXProject section */
		FEB19D391944BACD0078B7BC /* Project object */ = {
			isa = PBXProject;
			attributes = {
				LastUpgradeCheck = 0460;
				ORGANIZATIONNAME = jimmy;
			};
			buildConfigurationList = FEB19D3C1944BACD0078B7BC /* Build configuration list for PBXProject "Calculator" */;
			compatibilityVersion = "Xcode 3.2";
			developmentRegion = English;
			hasScannedForEncodings = 0;
			knownRegions = (
				en,
			);
			mainGroup = FEB19D381944BACD0078B7BC;
			productRefGroup = FEB19D421944BACD0078B7BC /* Products */;
			projectDirPath = "";
			projectRoot = "";
			targets = (
				FEB19D401944BACD0078B7BC /* Calculator */,
			);
		};
/* End PBXProject section */

/* Begin PBXSourcesBuildPhase section */
		FEB19D3D1944BACD0078B7BC /* Sources */ = {
			isa = PBXSourcesBuildPhase;
			buildActionMask = 2147483647;
			files = (
				FEB19D451944BACD0078B7BC /* main.cpp in Sources */,
				FEB19D4F1944BAF60078B7BC /* Operation.cpp in Sources */,
				FE1E00BC1944C560008E0941 /* Add.cpp in Sources */,
			);
			runOnlyForDeploymentPostprocessing = 0;
		};
/* End PBXSourcesBuildPhase section */

/* Begin XCBuildConfiguration section */
		FEB19D481944BACD0078B7BC /* Debug */ = {
			isa = XCBuildConfiguration;
			buildSettings = {
				ALWAYS_SEARCH_USER_PATHS = NO;
				ARCHS = "$(ARCHS_STANDARD_64_BIT)";
				CLANG_CXX_LANGUAGE_STANDARD = "gnu++0x";
				CLANG_CXX_LIBRARY = "libc++";
				CLANG_WARN_CONSTANT_CONVERSION = YES;
				CLANG_WARN_EMPTY_BODY = YES;
				CLANG_WARN_ENUM_CONVERSION = YES;
				CLANG_WARN_INT_CONVERSION = YES;
				CLANG_WARN__DUPLICATE_METHOD_MATCH = YES;
				COPY_PHASE_STRIP = NO;
				GCC_C_LANGUAGE_STANDARD = gnu99;
				GCC_DYNAMIC_NO_PIC = NO;
				GCC_ENABLE_OBJC_EXCEPTIONS = YES;
				GCC_OPTIMIZATION_LEVEL = 0;
				GCC_PREPROCESSOR_DEFINITIONS = (
					"DEBUG=1",
					"$(inherited)",
				);
				GCC_SYMBOLS_PRIVATE_EXTERN = NO;
				GCC_WARN_64_TO_32_BIT_CONVERSION = YES;
				GCC_WARN_ABOUT_RETURN_TYPE = YES;
				GCC_WARN_UNINITIALIZED_AUTOS = YES;
				GCC_WARN_UNUSED_VARIABLE = YES;
				MACOSX_DEPLOYMENT_TARGET = 10.9;
				ONLY_ACTIVE_ARCH = YES;
				SDKROOT = macosx;
			};
			name = Debug;
		};
		FEB19D491944BACD0078B7BC /* Release */ = {
			isa = XCBuildConfiguration;
			buildSettings = {
				ALWAYS_SEARCH_USER_PATHS = NO;
				ARCHS = "$(ARCHS_STANDARD_64_BIT)";
				CLANG_CXX_LANGUAGE_STANDARD = "gnu++0x";
				CLANG_CXX_LIBRARY = "libc++";
				CLANG_WARN_CONSTANT_CONVERSION = YES;
				CLANG_WARN_EMPTY_BODY = YES;
				CLANG_WARN_ENUM_CONVERSION = YES;
				CLANG_WARN_INT_CONVERSION = YES;
				CLANG_WARN__DUPLICATE_METHOD_MATCH = YES;
				COPY_PHASE_STRIP = YES;
				DEBUG_INFORMATION_FORMAT = "dwarf-with-dsym";
				GCC_C_LANGUAGE_STANDARD = gnu99;
				GCC_ENABLE_OBJC_EXCEPTIONS = YES;
				GCC_WARN_64_TO_32_BIT_CONVERSION = YES;
				GCC_WARN_ABOUT_RETURN_TYPE = YES;
				GCC_WARN_UNINITIALIZED_AUTOS = YES;
				GCC_WARN_UNUSED_VARIABLE = YES;
				MACOSX_DEPLOYMENT_TARGET = 10.9;
				SDKROOT = macosx;
			};
			name = Release;
		};
		FEB19D4B1944BACD0078B7BC /* Debug */ = {
			isa = XCBuildConfiguration;
			buildSettings = {
				MACOSX_DEPLOYMENT_TARGET = 10.8;
				PRODUCT_NAME = "$(TARGET_NAME)";
			};
			name = Debug;
		};
		FEB19D4C1944BACD0078B7BC /* Release */ = {
			isa = XCBuildConfiguration;
			buildSettings = {
				MACOSX_DEPLOYMENT_TARGET = 10.8;
				PRODUCT_NAME = "$(TARGET_NAME)";
			};
			name = Release;
		};
/* End XCBuildConfiguration section */

/* Begin XCConfigurationList section */
		FEB19D3C1944BACD0078B7BC /* Build configuration list for PBXProject "Calculator" */ = {
			isa = XCConfigurationList;
			buildConfigurations = (
				FEB19D481944BACD0078B7BC /* Debug */,
				FEB19D491944BACD0078B7BC /* Release */,
			);
			defaultConfigurationIsVisible = 0;
			defaultConfigurationName = Release;
		};
		FEB19D4A1944BACD0078B7BC /* Build configuration list for PBXNativeTarget "Calculator" */ = {
			isa = XCConfigurationList;
			buildConfigurations = (
				FEB19D4B1944BACD0078B7BC /* Debug */,
				FEB19D4C1944BACD0078B7BC /* Release */,
			);
			defaultConfigurationIsVisible = 0;
			defaultConfigurationName = Release;
		};
/* End XCConfigurationList section */
	};
	rootObject = FEB19D391944BACD0078B7BC /* Project object */;
}
